// !$*UTF8*$!
{
	archiveVersion = 1;
	classes = {
	};
	objectVersion = 77;
	objects = {

/* Begin PBXBuildFile section */
		FE2793062EB1E096004CFA92 /* SkeletonView in Frameworks */ = {isa = PBXBuildFile; productRef = FE2793052EB1E096004CFA92 /* SkeletonView */; };
		FE9B89962E8BE5030012E889 /* FSCalendar in Frameworks */ = {isa = PBXBuildFile; productRef = FE9B89952E8BE5030012E889 /* FSCalendar */; };
		FED4A4802E96C16900BD493B /* RealmSwift in Frameworks */ = {isa = PBXBuildFile; productRef = FED4A47F2E96C16900BD493B /* RealmSwift */; };
		FED4A4842E96C73100BD493B /* RealmSwift in Embed Frameworks */ = {isa = PBXBuildFile; productRef = FED4A47F2E96C16900BD493B /* RealmSwift */; settings = {ATTRIBUTES = (CodeSignOnCopy, ); }; };
		FED4A4922E9A8F6700BD493B /* FirebaseAnalytics in Frameworks */ = {isa = PBXBuildFile; productRef = FED4A4912E9A8F6700BD493B /* FirebaseAnalytics */; };
		FED4A4942E9A8F6700BD493B /* FirebaseCrashlytics in Frameworks */ = {isa = PBXBuildFile; productRef = FED4A4932E9A8F6700BD493B /* FirebaseCrashlytics */; };
		FED605282E88029200B216DD /* .gitignore in Resources */ = {isa = PBXBuildFile; fileRef = FED605272E88029200B216DD /* .gitignore */; };
		FED605382E88150400B216DD /* README.md in Resources */ = {isa = PBXBuildFile; fileRef = FED605372E88150400B216DD /* README.md */; };
		FEFC87412E8A7627007A3685 /* Kingfisher in Frameworks */ = {isa = PBXBuildFile; productRef = FEFC87402E8A7627007A3685 /* Kingfisher */; };
		FEFC87442E8A763F007A3685 /* SnapKit in Frameworks */ = {isa = PBXBuildFile; productRef = FEFC87432E8A763F007A3685 /* SnapKit */; };
		FEFC87472E8A7650007A3685 /* Alamofire in Frameworks */ = {isa = PBXBuildFile; productRef = FEFC87462E8A7650007A3685 /* Alamofire */; };
		FEFC874A2E8A7668007A3685 /* RxCocoa in Frameworks */ = {isa = PBXBuildFile; productRef = FEFC87492E8A7668007A3685 /* RxCocoa */; };
		FEFC874C2E8A7668007A3685 /* RxSwift in Frameworks */ = {isa = PBXBuildFile; productRef = FEFC874B2E8A7668007A3685 /* RxSwift */; };
/* End PBXBuildFile section */

/* Begin PBXCopyFilesBuildPhase section */
		FED4A4852E96C73100BD493B /* Embed Frameworks */ = {
			isa = PBXCopyFilesBuildPhase;
			buildActionMask = 2147483647;
			dstPath = "";
			dstSubfolderSpec = 10;
			files = (
				FED4A4842E96C73100BD493B /* RealmSwift in Embed Frameworks */,
			);
			name = "Embed Frameworks";
			runOnlyForDeploymentPostprocessing = 0;
		};
/* End PBXCopyFilesBuildPhase section */

/* Begin PBXFileReference section */
		FED6050F2E88022000B216DD /* SpaceWalker.app */ = {isa = PBXFileReference; explicitFileType = wrapper.application; includeInIndex = 0; path = SpaceWalker.app; sourceTree = BUILT_PRODUCTS_DIR; };
		FED605272E88029200B216DD /* .gitignore */ = {isa = PBXFileReference; lastKnownFileType = text; path = .gitignore; sourceTree = "<group>"; };
		FED605372E88150400B216DD /* README.md */ = {isa = PBXFileReference; lastKnownFileType = net.daringfireball.markdown; path = README.md; sourceTree = "<group>"; };
/* End PBXFileReference section */

/* Begin PBXFileSystemSynchronizedBuildFileExceptionSet section */
		FED605212E88022200B216DD /* Exceptions for "SpaceWalker" folder in "SpaceWalker" target */ = {
			isa = PBXFileSystemSynchronizedBuildFileExceptionSet;
			membershipExceptions = (
				Support/Info.plist,
			);
			target = FED6050E2E88022000B216DD /* SpaceWalker */;
		};
/* End PBXFileSystemSynchronizedBuildFileExceptionSet section */

/* Begin PBXFileSystemSynchronizedRootGroup section */
		FED605112E88022000B216DD /* SpaceWalker */ = {
			isa = PBXFileSystemSynchronizedRootGroup;
			exceptions = (
				FED605212E88022200B216DD /* Exceptions for "SpaceWalker" folder in "SpaceWalker" target */,
			);
			path = SpaceWalker;
			sourceTree = "<group>";
		};
/* End PBXFileSystemSynchronizedRootGroup section */

/* Begin PBXFrameworksBuildPhase section */
		FED6050C2E88022000B216DD /* Frameworks */ = {
			isa = PBXFrameworksBuildPhase;
			buildActionMask = 2147483647;
			files = (
				FEFC87472E8A7650007A3685 /* Alamofire in Frameworks */,
				FEFC87412E8A7627007A3685 /* Kingfisher in Frameworks */,
				FED4A4922E9A8F6700BD493B /* FirebaseAnalytics in Frameworks */,
				FED4A4802E96C16900BD493B /* RealmSwift in Frameworks */,
				FE2793062EB1E096004CFA92 /* SkeletonView in Frameworks */,
				FEFC874C2E8A7668007A3685 /* RxSwift in Frameworks */,
				FEFC874A2E8A7668007A3685 /* RxCocoa in Frameworks */,
				FED4A4942E9A8F6700BD493B /* FirebaseCrashlytics in Frameworks */,
				FE9B89962E8BE5030012E889 /* FSCalendar in Frameworks */,
				FEFC87442E8A763F007A3685 /* SnapKit in Frameworks */,
			);
			runOnlyForDeploymentPostprocessing = 0;
		};
/* End PBXFrameworksBuildPhase section */

/* Begin PBXGroup section */
		FED605062E88022000B216DD = {
			isa = PBXGroup;
			children = (
				FED605372E88150400B216DD /* README.md */,
				FED605272E88029200B216DD /* .gitignore */,
				FED605112E88022000B216DD /* SpaceWalker */,
				FED605102E88022000B216DD /* Products */,
			);
			sourceTree = "<group>";
		};
		FED605102E88022000B216DD /* Products */ = {
			isa = PBXGroup;
			children = (
				FED6050F2E88022000B216DD /* SpaceWalker.app */,
			);
			name = Products;
			sourceTree = "<group>";
		};
/* End PBXGroup section */

/* Begin PBXNativeTarget section */
		FED6050E2E88022000B216DD /* SpaceWalker */ = {
			isa = PBXNativeTarget;
			buildConfigurationList = FED605222E88022200B216DD /* Build configuration list for PBXNativeTarget "SpaceWalker" */;
			buildPhases = (
				FED6050B2E88022000B216DD /* Sources */,
				FED6050C2E88022000B216DD /* Frameworks */,
				FED6050D2E88022000B216DD /* Resources */,
				FED4A4852E96C73100BD493B /* Embed Frameworks */,
				FED4A4C12E9A917400BD493B /* Firebase Crashlytics */,
			);
			buildRules = (
			);
			dependencies = (
			);
			fileSystemSynchronizedGroups = (
				FED605112E88022000B216DD /* SpaceWalker */,
			);
			name = SpaceWalker;
			packageProductDependencies = (
				FEFC87402E8A7627007A3685 /* Kingfisher */,
				FEFC87432E8A763F007A3685 /* SnapKit */,
				FEFC87462E8A7650007A3685 /* Alamofire */,
				FEFC87492E8A7668007A3685 /* RxCocoa */,
				FEFC874B2E8A7668007A3685 /* RxSwift */,
				FE9B89952E8BE5030012E889 /* FSCalendar */,
				FED4A47F2E96C16900BD493B /* RealmSwift */,
				FED4A4912E9A8F6700BD493B /* FirebaseAnalytics */,
				FED4A4932E9A8F6700BD493B /* FirebaseCrashlytics */,
				FE2793052EB1E096004CFA92 /* SkeletonView */,
			);
			productName = SpaceWalker;
			productReference = FED6050F2E88022000B216DD /* SpaceWalker.app */;
			productType = "com.apple.product-type.application";
		};
/* End PBXNativeTarget section */

/* Begin PBXProject section */
		FED605072E88022000B216DD /* Project object */ = {
			isa = PBXProject;
			attributes = {
				BuildIndependentTargetsInParallel = 1;
				LastSwiftUpdateCheck = 2600;
				LastUpgradeCheck = 2600;
				TargetAttributes = {
					FED6050E2E88022000B216DD = {
						CreatedOnToolsVersion = 26.0.1;
					};
				};
			};
			buildConfigurationList = FED6050A2E88022000B216DD /* Build configuration list for PBXProject "SpaceWalker" */;
			developmentRegion = ko;
			hasScannedForEncodings = 0;
			knownRegions = (
				Base,
				ko,
			);
			mainGroup = FED605062E88022000B216DD;
			minimizedProjectReferenceProxies = 1;
			packageReferences = (
				FEFC873F2E8A7627007A3685 /* XCRemoteSwiftPackageReference "Kingfisher" */,
				FEFC87422E8A763F007A3685 /* XCRemoteSwiftPackageReference "SnapKit" */,
				FEFC87452E8A7650007A3685 /* XCRemoteSwiftPackageReference "Alamofire" */,
				FEFC87482E8A7668007A3685 /* XCRemoteSwiftPackageReference "RxSwift" */,
				FE9B89942E8BE5030012E889 /* XCRemoteSwiftPackageReference "FSCalendar" */,
				FED4A47E2E96C16900BD493B /* XCRemoteSwiftPackageReference "realm-swift" */,
				FED4A4902E9A8F6700BD493B /* XCRemoteSwiftPackageReference "firebase-ios-sdk" */,
				FE2793042EB1E096004CFA92 /* XCRemoteSwiftPackageReference "SkeletonView" */,
			);
			preferredProjectObjectVersion = 77;
			productRefGroup = FED605102E88022000B216DD /* Products */;
			projectDirPath = "";
			projectRoot = "";
			targets = (
				FED6050E2E88022000B216DD /* SpaceWalker */,
			);
		};
/* End PBXProject section */

/* Begin PBXResourcesBuildPhase section */
		FED6050D2E88022000B216DD /* Resources */ = {
			isa = PBXResourcesBuildPhase;
			buildActionMask = 2147483647;
			files = (
				FED605282E88029200B216DD /* .gitignore in Resources */,
				FED605382E88150400B216DD /* README.md in Resources */,
			);
			runOnlyForDeploymentPostprocessing = 0;
		};
/* End PBXResourcesBuildPhase section */

/* Begin PBXShellScriptBuildPhase section */
		FED4A4C12E9A917400BD493B /* Firebase Crashlytics */ = {
			isa = PBXShellScriptBuildPhase;
			buildActionMask = 2147483647;
			files = (
			);
			inputFileListPaths = (
			);
			inputPaths = (
				"${DWARF_DSYM_FOLDER_PATH}/${DWARF_DSYM_FILE_NAME}",
				"${DWARF_DSYM_FOLDER_PATH}/${DWARF_DSYM_FILE_NAME}/Contents/Resources/DWARF/${PRODUCT_NAME}",
				"${DWARF_DSYM_FOLDER_PATH}/${DWARF_DSYM_FILE_NAME}/Contents/Info.plist",
				"$(TARGET_BUILD_DIR)/$(UNLOCALIZED_RESOURCES_FOLDER_PATH)/GoogleService-Info.plist",
				"$(TARGET_BUILD_DIR)/$(EXECUTABLE_PATH)",
			);
			name = "Firebase Crashlytics";
			outputFileListPaths = (
			);
			outputPaths = (
			);
			runOnlyForDeploymentPostprocessing = 0;
			shellPath = /bin/sh;
			shellScript = "# Type a script or drag a script file from your workspace to insert its path.\n\"${BUILD_DIR%/Build/*}/SourcePackages/checkouts/firebase-ios-sdk/Crashlytics/run\"\n";
		};
/* End PBXShellScriptBuildPhase section */

/* Begin PBXSourcesBuildPhase section */
		FED6050B2E88022000B216DD /* Sources */ = {
			isa = PBXSourcesBuildPhase;
			buildActionMask = 2147483647;
			files = (
			);
			runOnlyForDeploymentPostprocessing = 0;
		};
/* End PBXSourcesBuildPhase section */

/* Begin XCBuildConfiguration section */
		FED605232E88022200B216DD /* Debug */ = {
			isa = XCBuildConfiguration;
			buildSettings = {
				ASSETCATALOG_COMPILER_APPICON_NAME = AppIcon;
				ASSETCATALOG_COMPILER_GLOBAL_ACCENT_COLOR_NAME = AccentColor;
				CODE_SIGN_ENTITLEMENTS = SpaceWalker/SpaceWalker.entitlements;
				CODE_SIGN_STYLE = Automatic;
				CURRENT_PROJECT_VERSION = 202603041854;
				DEBUG_INFORMATION_FORMAT = "dwarf-with-dsym";
				DEVELOPMENT_TEAM = L3KYP426WW;
				GENERATE_INFOPLIST_FILE = YES;
				INFOPLIST_FILE = SpaceWalker/Support/Info.plist;
				INFOPLIST_KEY_CFBundleDisplayName = SpaceWalker;
				INFOPLIST_KEY_ITSAppUsesNonExemptEncryption = NO;
				INFOPLIST_KEY_LSApplicationCategoryType = "public.app-category.lifestyle";
				INFOPLIST_KEY_NSCameraUsageDescription = "미션 사진 촬영을 위해 카메라 접근 권한이 필요합니다.";
				INFOPLIST_KEY_NSLocationWhenInUseUsageDescription = "사진에 위치를 포함하기 위해 접근 권한이 필요합니다.";
				INFOPLIST_KEY_NSPhotoLibraryAddUsageDescription = "촬영한 사진을 앨범에 저장하기 위해 접근 권한이 필요합니다.";
				INFOPLIST_KEY_NSPhotoLibraryUsageDescription = "사진을 활용하기 위해 접근 권한이 필요합니다.";
				INFOPLIST_KEY_UIApplicationSupportsIndirectInputEvents = YES;
				INFOPLIST_KEY_UILaunchStoryboardName = LaunchScreen;
				INFOPLIST_KEY_UISupportedInterfaceOrientations = UIInterfaceOrientationPortrait;
				INFOPLIST_KEY_UISupportedInterfaceOrientations_iPad = UIInterfaceOrientationPortrait;
				INFOPLIST_KEY_UIUserInterfaceStyle = Light;
				IPHONEOS_DEPLOYMENT_TARGET = 16.0;
				LD_RUNPATH_SEARCH_PATHS = (
					"$(inherited)",
					"@executable_path/Frameworks",
				);
				MARKETING_VERSION = 1.1.10;
				OTHER_LDFLAGS = "-ObjC";
				PRODUCT_BUNDLE_IDENTIFIER = com.andev.SpaceWalker;
				PRODUCT_NAME = "$(TARGET_NAME)";
				STRING_CATALOG_GENERATE_SYMBOLS = YES;
				SUPPORTED_PLATFORMS = "iphoneos iphonesimulator";
				SUPPORTS_MACCATALYST = NO;
				SUPPORTS_MAC_DESIGNED_FOR_IPHONE_IPAD = NO;
				SUPPORTS_XR_DESIGNED_FOR_IPHONE_IPAD = NO;
				SWIFT_APPROACHABLE_CONCURRENCY = YES;
				SWIFT_DEFAULT_ACTOR_ISOLATION = MainActor;
				SWIFT_EMIT_LOC_STRINGS = YES;
				SWIFT_UPCOMING_FEATURE_MEMBER_IMPORT_VISIBILITY = YES;
				SWIFT_VERSION = 5.0;
				TARGETED_DEVICE_FAMILY = 1;
			};
			name = Debug;
		};
		FED605242E88022200B216DD /* Release */ = {
			isa = XCBuildConfiguration;
			buildSettings = {
				ASSETCATALOG_COMPILER_APPICON_NAME = AppIcon;
				ASSETCATALOG_COMPILER_GLOBAL_ACCENT_COLOR_NAME = AccentColor;
				CODE_SIGN_ENTITLEMENTS = SpaceWalker/SpaceWalker.entitlements;
				CODE_SIGN_IDENTITY = "Apple Distribution";
				"CODE_SIGN_IDENTITY[sdk=iphoneos*]" = "iPhone Distribution";
				CODE_SIGN_STYLE = Manual;
				CURRENT_PROJECT_VERSION = 202603041854;
				DEVELOPMENT_TEAM = L3KYP426WW;
				"DEVELOPMENT_TEAM[sdk=iphoneos*]" = L3KYP426WW;
				GENERATE_INFOPLIST_FILE = YES;
				INFOPLIST_FILE = SpaceWalker/Support/Info.plist;
				INFOPLIST_KEY_CFBundleDisplayName = SpaceWalker;
				INFOPLIST_KEY_ITSAppUsesNonExemptEncryption = NO;
				INFOPLIST_KEY_LSApplicationCategoryType = "public.app-category.lifestyle";
				INFOPLIST_KEY_NSCameraUsageDescription = "미션 사진 촬영을 위해 카메라 접근 권한이 필요합니다.";
				INFOPLIST_KEY_NSLocationWhenInUseUsageDescription = "사진에 위치를 포함하기 위해 접근 권한이 필요합니다.";
				INFOPLIST_KEY_NSPhotoLibraryAddUsageDescription = "촬영한 사진을 앨범에 저장하기 위해 접근 권한이 필요합니다.";
				INFOPLIST_KEY_NSPhotoLibraryUsageDescription = "사진을 활용하기 위해 접근 권한이 필요합니다.";
				INFOPLIST_KEY_UIApplicationSupportsIndirectInputEvents = YES;
				INFOPLIST_KEY_UILaunchStoryboardName = LaunchScreen;
				INFOPLIST_KEY_UISupportedInterfaceOrientations = UIInterfaceOrientationPortrait;
				INFOPLIST_KEY_UISupportedInterfaceOrientations_iPad = UIInterfaceOrientationPortrait;
				INFOPLIST_KEY_UIUserInterfaceStyle = Light;
				IPHONEOS_DEPLOYMENT_TARGET = 16.0;
				LD_RUNPATH_SEARCH_PATHS = (
					"$(inherited)",
					"@executable_path/Frameworks",
				);
				MARKETING_VERSION = 1.1.10;
				OTHER_LDFLAGS = "-ObjC";
				PRODUCT_BUNDLE_IDENTIFIER = com.andev.SpaceWalker;
				PRODUCT_NAME = "$(TARGET_NAME)";
				"PROVISIONING_PROFILE_SPECIFIER[sdk=iphoneos*]" = "match AppStore com.andev.SpaceWalker";
				STRING_CATALOG_GENERATE_SYMBOLS = YES;
				SUPPORTED_PLATFORMS = "iphoneos iphonesimulator";
				SUPPORTS_MACCATALYST = NO;
				SUPPORTS_MAC_DESIGNED_FOR_IPHONE_IPAD = NO;
				SUPPORTS_XR_DESIGNED_FOR_IPHONE_IPAD = NO;
				SWIFT_APPROACHABLE_CONCURRENCY = YES;
				SWIFT_DEFAULT_ACTOR_ISOLATION = MainActor;
				SWIFT_EMIT_LOC_STRINGS = YES;
				SWIFT_UPCOMING_FEATURE_MEMBER_IMPORT_VISIBILITY = YES;
				SWIFT_VERSION = 5.0;
				TARGETED_DEVICE_FAMILY = 1;
			};
			name = Release;
		};
		FED605252E88022200B216DD /* Debug */ = {
			isa = XCBuildConfiguration;
			buildSettings = {
				ALWAYS_SEARCH_USER_PATHS = NO;
				ASSETCATALOG_COMPILER_GENERATE_SWIFT_ASSET_SYMBOL_EXTENSIONS = YES;
				CLANG_ANALYZER_LOCALIZABILITY_NONLOCALIZED = YES;
				CLANG_ANALYZER_NONNULL = YES;
				CLANG_ANALYZER_NUMBER_OBJECT_CONVERSION = YES_AGGRESSIVE;
				CLANG_CXX_LANGUAGE_STANDARD = "gnu++20";
				CLANG_ENABLE_MODULES = YES;
				CLANG_ENABLE_OBJC_ARC = YES;
				CLANG_ENABLE_OBJC_WEAK = YES;
				CLANG_WARN_BLOCK_CAPTURE_AUTORELEASING = YES;
				CLANG_WARN_BOOL_CONVERSION = YES;
				CLANG_WARN_COMMA = YES;
				CLANG_WARN_CONSTANT_CONVERSION = YES;
				CLANG_WARN_DEPRECATED_OBJC_IMPLEMENTATIONS = YES;
				CLANG_WARN_DIRECT_OBJC_ISA_USAGE = YES_ERROR;
				CLANG_WARN_DOCUMENTATION_COMMENTS = YES;
				CLANG_WARN_EMPTY_BODY = YES;
				CLANG_WARN_ENUM_CONVERSION = YES;
				CLANG_WARN_INFINITE_RECURSION = YES;
				CLANG_WARN_INT_CONVERSION = YES;
				CLANG_WARN_NON_LITERAL_NULL_CONVERSION = YES;
				CLANG_WARN_OBJC_IMPLICIT_RETAIN_SELF = YES;
				CLANG_WARN_OBJC_LITERAL_CONVERSION = YES;
				CLANG_WARN_OBJC_ROOT_CLASS = YES_ERROR;
				CLANG_WARN_QUOTED_INCLUDE_IN_FRAMEWORK_HEADER = YES;
				CLANG_WARN_RANGE_LOOP_ANALYSIS = YES;
				CLANG_WARN_STRICT_PROTOTYPES = YES;
				CLANG_WARN_SUSPICIOUS_MOVE = YES;
				CLANG_WARN_UNGUARDED_AVAILABILITY = YES_AGGRESSIVE;
				CLANG_WARN_UNREACHABLE_CODE = YES;
				CLANG_WARN__DUPLICATE_METHOD_MATCH = YES;
				COPY_PHASE_STRIP = NO;
				DEBUG_INFORMATION_FORMAT = dwarf;
				ENABLE_STRICT_OBJC_MSGSEND = YES;
				ENABLE_TESTABILITY = YES;
				ENABLE_USER_SCRIPT_SANDBOXING = YES;
				GCC_C_LANGUAGE_STANDARD = gnu17;
				GCC_DYNAMIC_NO_PIC = NO;
				GCC_NO_COMMON_BLOCKS = YES;
				GCC_OPTIMIZATION_LEVEL = 0;
				GCC_PREPROCESSOR_DEFINITIONS = (
					"DEBUG=1",
					"$(inherited)",
				);
				GCC_WARN_64_TO_32_BIT_CONVERSION = YES;
				GCC_WARN_ABOUT_RETURN_TYPE = YES_ERROR;
				GCC_WARN_UNDECLARED_SELECTOR = YES;
				GCC_WARN_UNINITIALIZED_AUTOS = YES_AGGRESSIVE;
				GCC_WARN_UNUSED_FUNCTION = YES;
				GCC_WARN_UNUSED_VARIABLE = YES;
				IPHONEOS_DEPLOYMENT_TARGET = 26.0;
				LOCALIZATION_PREFERS_STRING_CATALOGS = YES;
				MTL_ENABLE_DEBUG_INFO = INCLUDE_SOURCE;
				MTL_FAST_MATH = YES;
				ONLY_ACTIVE_ARCH = YES;
				SDKROOT = iphoneos;
				SWIFT_ACTIVE_COMPILATION_CONDITIONS = "DEBUG $(inherited)";
				SWIFT_OPTIMIZATION_LEVEL = "-Onone";
			};
			name = Debug;
		};
		FED605262E88022200B216DD /* Release */ = {
			isa = XCBuildConfiguration;
			buildSettings = {
				ALWAYS_SEARCH_USER_PATHS = NO;
				ASSETCATALOG_COMPILER_GENERATE_SWIFT_ASSET_SYMBOL_EXTENSIONS = YES;
				CLANG_ANALYZER_LOCALIZABILITY_NONLOCALIZED = YES;
				CLANG_ANALYZER_NONNULL = YES;
				CLANG_ANALYZER_NUMBER_OBJECT_CONVERSION = YES_AGGRESSIVE;
				CLANG_CXX_LANGUAGE_STANDARD = "gnu++20";
				CLANG_ENABLE_MODULES = YES;
				CLANG_ENABLE_OBJC_ARC = YES;
				CLANG_ENABLE_OBJC_WEAK = YES;
				CLANG_WARN_BLOCK_CAPTURE_AUTORELEASING = YES;
				CLANG_WARN_BOOL_CONVERSION = YES;
				CLANG_WARN_COMMA = YES;
				CLANG_WARN_CONSTANT_CONVERSION = YES;
				CLANG_WARN_DEPRECATED_OBJC_IMPLEMENTATIONS = YES;
				CLANG_WARN_DIRECT_OBJC_ISA_USAGE = YES_ERROR;
				CLANG_WARN_DOCUMENTATION_COMMENTS = YES;
				CLANG_WARN_EMPTY_BODY = YES;
				CLANG_WARN_ENUM_CONVERSION = YES;
				CLANG_WARN_INFINITE_RECURSION = YES;
				CLANG_WARN_INT_CONVERSION = YES;
				CLANG_WARN_NON_LITERAL_NULL_CONVERSION = YES;
				CLANG_WARN_OBJC_IMPLICIT_RETAIN_SELF = YES;
				CLANG_WARN_OBJC_LITERAL_CONVERSION = YES;
				CLANG_WARN_OBJC_ROOT_CLASS = YES_ERROR;
				CLANG_WARN_QUOTED_INCLUDE_IN_FRAMEWORK_HEADER = YES;
				CLANG_WARN_RANGE_LOOP_ANALYSIS = YES;
				CLANG_WARN_STRICT_PROTOTYPES = YES;
				CLANG_WARN_SUSPICIOUS_MOVE = YES;
				CLANG_WARN_UNGUARDED_AVAILABILITY = YES_AGGRESSIVE;
				CLANG_WARN_UNREACHABLE_CODE = YES;
				CLANG_WARN__DUPLICATE_METHOD_MATCH = YES;
				CODE_SIGN_IDENTITY = "Apple Development";
				COPY_PHASE_STRIP = NO;
				DEBUG_INFORMATION_FORMAT = "dwarf-with-dsym";
				ENABLE_NS_ASSERTIONS = NO;
				ENABLE_STRICT_OBJC_MSGSEND = YES;
				ENABLE_USER_SCRIPT_SANDBOXING = YES;
				GCC_C_LANGUAGE_STANDARD = gnu17;
				GCC_NO_COMMON_BLOCKS = YES;
				GCC_WARN_64_TO_32_BIT_CONVERSION = YES;
				GCC_WARN_ABOUT_RETURN_TYPE = YES_ERROR;
				GCC_WARN_UNDECLARED_SELECTOR = YES;
				GCC_WARN_UNINITIALIZED_AUTOS = YES_AGGRESSIVE;
				GCC_WARN_UNUSED_FUNCTION = YES;
				GCC_WARN_UNUSED_VARIABLE = YES;
				IPHONEOS_DEPLOYMENT_TARGET = 26.0;
				LOCALIZATION_PREFERS_STRING_CATALOGS = YES;
				MTL_ENABLE_DEBUG_INFO = NO;
				MTL_FAST_MATH = YES;
				SDKROOT = iphoneos;
				SWIFT_COMPILATION_MODE = wholemodule;
				VALIDATE_PRODUCT = YES;
			};
			name = Release;
		};
/* End XCBuildConfiguration section */

/* Begin XCConfigurationList section */
		FED6050A2E88022000B216DD /* Build configuration list for PBXProject "SpaceWalker" */ = {
			isa = XCConfigurationList;
			buildConfigurations = (
				FED605252E88022200B216DD /* Debug */,
				FED605262E88022200B216DD /* Release */,
			);
			defaultConfigurationIsVisible = 0;
			defaultConfigurationName = Release;
		};
		FED605222E88022200B216DD /* Build configuration list for PBXNativeTarget "SpaceWalker" */ = {
			isa = XCConfigurationList;
			buildConfigurations = (
				FED605232E88022200B216DD /* Debug */,
				FED605242E88022200B216DD /* Release */,
			);
			defaultConfigurationIsVisible = 0;
			defaultConfigurationName = Release;
		};
/* End XCConfigurationList section */

/* Begin XCRemoteSwiftPackageReference section */
		FE2793042EB1E096004CFA92 /* XCRemoteSwiftPackageReference "SkeletonView" */ = {
			isa = XCRemoteSwiftPackageReference;
			repositoryURL = "https://github.com/Juanpe/SkeletonView.git";
			requirement = {
				kind = upToNextMajorVersion;
				minimumVersion = 1.31.0;
			};
		};
		FE9B89942E8BE5030012E889 /* XCRemoteSwiftPackageReference "FSCalendar" */ = {
			isa = XCRemoteSwiftPackageReference;
			repositoryURL = "https://github.com/WenchaoD/FSCalendar.git";
			requirement = {
				kind = upToNextMajorVersion;
				minimumVersion = 2.8.4;
			};
		};
		FED4A47E2E96C16900BD493B /* XCRemoteSwiftPackageReference "realm-swift" */ = {
			isa = XCRemoteSwiftPackageReference;
			repositoryURL = "https://github.com/realm/realm-swift";
			requirement = {
				kind = exactVersion;
				version = 20.0.3;
			};
		};
		FED4A4902E9A8F6700BD493B /* XCRemoteSwiftPackageReference "firebase-ios-sdk" */ = {
			isa = XCRemoteSwiftPackageReference;
			repositoryURL = "https://github.com/firebase/firebase-ios-sdk";
			requirement = {
				kind = upToNextMajorVersion;
				minimumVersion = 12.4.0;
			};
		};
		FEFC873F2E8A7627007A3685 /* XCRemoteSwiftPackageReference "Kingfisher" */ = {
			isa = XCRemoteSwiftPackageReference;
			repositoryURL = "https://github.com/onevcat/Kingfisher";
			requirement = {
				kind = upToNextMajorVersion;
				minimumVersion = 8.5.0;
			};
		};
		FEFC87422E8A763F007A3685 /* XCRemoteSwiftPackageReference "SnapKit" */ = {
			isa = XCRemoteSwiftPackageReference;
			repositoryURL = "https://github.com/SnapKit/SnapKit";
			requirement = {
				kind = upToNextMajorVersion;
				minimumVersion = 5.7.1;
			};
		};
		FEFC87452E8A7650007A3685 /* XCRemoteSwiftPackageReference "Alamofire" */ = {
			isa = XCRemoteSwiftPackageReference;
			repositoryURL = "https://github.com/Alamofire/Alamofire";
			requirement = {
				kind = upToNextMajorVersion;
				minimumVersion = 5.10.2;
			};
		};
		FEFC87482E8A7668007A3685 /* XCRemoteSwiftPackageReference "RxSwift" */ = {
			isa = XCRemoteSwiftPackageReference;
			repositoryURL = "https://github.com/ReactiveX/RxSwift";
			requirement = {
				kind = upToNextMajorVersion;
				minimumVersion = 6.9.0;
			};
		};
/* End XCRemoteSwiftPackageReference section */

/* Begin XCSwiftPackageProductDependency section */
		FE2793052EB1E096004CFA92 /* SkeletonView */ = {
			isa = XCSwiftPackageProductDependency;
			package = FE2793042EB1E096004CFA92 /* XCRemoteSwiftPackageReference "SkeletonView" */;
			productName = SkeletonView;
		};
		FE9B89952E8BE5030012E889 /* FSCalendar */ = {
			isa = XCSwiftPackageProductDependency;
			package = FE9B89942E8BE5030012E889 /* XCRemoteSwiftPackageReference "FSCalendar" */;
			productName = FSCalendar;
		};
		FED4A47F2E96C16900BD493B /* RealmSwift */ = {
			isa = XCSwiftPackageProductDependency;
			package = FED4A47E2E96C16900BD493B /* XCRemoteSwiftPackageReference "realm-swift" */;
			productName = RealmSwift;
		};
		FED4A4912E9A8F6700BD493B /* FirebaseAnalytics */ = {
			isa = XCSwiftPackageProductDependency;
			package = FED4A4902E9A8F6700BD493B /* XCRemoteSwiftPackageReference "firebase-ios-sdk" */;
			productName = FirebaseAnalytics;
		};
		FED4A4932E9A8F6700BD493B /* FirebaseCrashlytics */ = {
			isa = XCSwiftPackageProductDependency;
			package = FED4A4902E9A8F6700BD493B /* XCRemoteSwiftPackageReference "firebase-ios-sdk" */;
			productName = FirebaseCrashlytics;
		};
		FEFC87402E8A7627007A3685 /* Kingfisher */ = {
			isa = XCSwiftPackageProductDependency;
			package = FEFC873F2E8A7627007A3685 /* XCRemoteSwiftPackageReference "Kingfisher" */;
			productName = Kingfisher;
		};
		FEFC87432E8A763F007A3685 /* SnapKit */ = {
			isa = XCSwiftPackageProductDependency;
			package = FEFC87422E8A763F007A3685 /* XCRemoteSwiftPackageReference "SnapKit" */;
			productName = SnapKit;
		};
		FEFC87462E8A7650007A3685 /* Alamofire */ = {
			isa = XCSwiftPackageProductDependency;
			package = FEFC87452E8A7650007A3685 /* XCRemoteSwiftPackageReference "Alamofire" */;
			productName = Alamofire;
		};
		FEFC87492E8A7668007A3685 /* RxCocoa */ = {
			isa = XCSwiftPackageProductDependency;
			package = FEFC87482E8A7668007A3685 /* XCRemoteSwiftPackageReference "RxSwift" */;
			productName = RxCocoa;
		};
		FEFC874B2E8A7668007A3685 /* RxSwift */ = {
			isa = XCSwiftPackageProductDependency;
			package = FEFC87482E8A7668007A3685 /* XCRemoteSwiftPackageReference "RxSwift" */;
			productName = RxSwift;
		};
/* End XCSwiftPackageProductDependency section */
	};
	rootObject = FED605072E88022000B216DD /* Project object */;
}
